// !$*UTF8*$!
{
	archiveVersion = 1;
	classes = {
	};
	objectVersion = 55;
	objects = {

/* Begin PBXBuildFile section */
		AB37411D27C77CAE00A60681 /* AppDelegate.swift in Sources */ = {isa = PBXBuildFile; fileRef = AB37411C27C77CAE00A60681 /* AppDelegate.swift */; };
		AB37411F27C77CAE00A60681 /* SceneDelegate.swift in Sources */ = {isa = PBXBuildFile; fileRef = AB37411E27C77CAE00A60681 /* SceneDelegate.swift */; };
		AB37412127C77CAE00A60681 /* ViewController.swift in Sources */ = {isa = PBXBuildFile; fileRef = AB37412027C77CAE00A60681 /* ViewController.swift */; };
		AB37412427C77CAE00A60681 /* Main.storyboard in Resources */ = {isa = PBXBuildFile; fileRef = AB37412227C77CAE00A60681 /* Main.storyboard */; };
		AB37412627C77CB000A60681 /* Assets.xcassets in Resources */ = {isa = PBXBuildFile; fileRef = AB37412527C77CB000A60681 /* Assets.xcassets */; };
		AB37412927C77CB000A60681 /* LaunchScreen.storyboard in Resources */ = {isa = PBXBuildFile; fileRef = AB37412727C77CB000A60681 /* LaunchScreen.storyboard */; };
		AB37413427C77CB000A60681 /* jsonParsingExampleTests.swift in Sources */ = {isa = PBXBuildFile; fileRef = AB37413327C77CB000A60681 /* jsonParsingExampleTests.swift */; };
		AB37413E27C77CB000A60681 /* jsonParsingExampleUITests.swift in Sources */ = {isa = PBXBuildFile; fileRef = AB37413D27C77CB000A60681 /* jsonParsingExampleUITests.swift */; };
		AB37414027C77CB000A60681 /* jsonParsingExampleUITestsLaunchTests.swift in Sources */ = {isa = PBXBuildFile; fileRef = AB37413F27C77CB000A60681 /* jsonParsingExampleUITestsLaunchTests.swift */; };
		AB37414E27C77E0E00A60681 /* sourceModel.swift in Sources */ = {isa = PBXBuildFile; fileRef = AB37414D27C77E0E00A60681 /* sourceModel.swift */; };
		AB37415027C77FA400A60681 /* article.swift in Sources */ = {isa = PBXBuildFile; fileRef = AB37414F27C77FA400A60681 /* article.swift */; };
		AB37415227C780BA00A60681 /* NewsFeed.swift in Sources */ = {isa = PBXBuildFile; fileRef = AB37415127C780BA00A60681 /* NewsFeed.swift */; };
		AB37415527C7865300A60681 /* Alamofire in Frameworks */ = {isa = PBXBuildFile; productRef = AB37415427C7865300A60681 /* Alamofire */; };
		AB37415727C812D400A60681 /* ServiceAPI.swift in Sources */ = {isa = PBXBuildFile; fileRef = AB37415627C812D400A60681 /* ServiceAPI.swift */; };
/* End PBXBuildFile section */

/* Begin PBXContainerItemProxy section */
		AB37413027C77CB000A60681 /* PBXContainerItemProxy */ = {
			isa = PBXContainerItemProxy;
			containerPortal = AB37411127C77CAE00A60681 /* Project object */;
			proxyType = 1;
			remoteGlobalIDString = AB37411827C77CAE00A60681;
			remoteInfo = jsonParsingExample;
		};
		AB37413A27C77CB000A60681 /* PBXContainerItemProxy */ = {
			isa = PBXContainerItemProxy;
			containerPortal = AB37411127C77CAE00A60681 /* Project object */;
			proxyType = 1;
			remoteGlobalIDString = AB37411827C77CAE00A60681;
			remoteInfo = jsonParsingExample;
		};
/* End PBXContainerItemProxy section */

/* Begin PBXFileReference section */
		AB37411927C77CAE00A60681 /* jsonParsingExample.app */ = {isa = PBXFileReference; explicitFileType = wrapper.application; includeInIndex = 0; path = jsonParsingExample.app; sourceTree = BUILT_PRODUCTS_DIR; };
		AB37411C27C77CAE00A60681 /* AppDelegate.swift */ = {isa = PBXFileReference; lastKnownFileType = sourcecode.swift; path = AppDelegate.swift; sourceTree = "<group>"; };
		AB37411E27C77CAE00A60681 /* SceneDelegate.swift */ = {isa = PBXFileReference; lastKnownFileType = sourcecode.swift; path = SceneDelegate.swift; sourceTree = "<group>"; };
		AB37412027C77CAE00A60681 /* ViewController.swift */ = {isa = PBXFileReference; lastKnownFileType = sourcecode.swift; path = ViewController.swift; sourceTree = "<group>"; };
		AB37412327C77CAE00A60681 /* Base */ = {isa = PBXFileReference; lastKnownFileType = file.storyboard; name = Base; path = Base.lproj/Main.storyboard; sourceTree = "<group>"; };
		AB37412527C77CB000A60681 /* Assets.xcassets */ = {isa = PBXFileReference; lastKnownFileType = folder.assetcatalog; path = Assets.xcassets; sourceTree = "<group>"; };
		AB37412827C77CB000A60681 /* Base */ = {isa = PBXFileReference; lastKnownFileType = file.storyboard; name = Base; path = Base.lproj/LaunchScreen.storyboard; sourceTree = "<group>"; };
		AB37412A27C77CB000A60681 /* Info.plist */ = {isa = PBXFileReference; lastKnownFileType = text.plist.xml; path = Info.plist; sourceTree = "<group>"; };
		AB37412F27C77CB000A60681 /* jsonParsingExampleTests.xctest */ = {isa = PBXFileReference; explicitFileType = wrapper.cfbundle; includeInIndex = 0; path = jsonParsingExampleTests.xctest; sourceTree = BUILT_PRODUCTS_DIR; };
		AB37413327C77CB000A60681 /* jsonParsingExampleTests.swift */ = {isa = PBXFileReference; lastKnownFileType = sourcecode.swift; path = jsonParsingExampleTests.swift; sourceTree = "<group>"; };
		AB37413927C77CB000A60681 /* jsonParsingExampleUITests.xctest */ = {isa = PBXFileReference; explicitFileType = wrapper.cfbundle; includeInIndex = 0; path = jsonParsingExampleUITests.xctest; sourceTree = BUILT_PRODUCTS_DIR; };
		AB37413D27C77CB000A60681 /* jsonParsingExampleUITests.swift */ = {isa = PBXFileReference; lastKnownFileType = sourcecode.swift; path = jsonParsingExampleUITests.swift; sourceTree = "<group>"; };
		AB37413F27C77CB000A60681 /* jsonParsingExampleUITestsLaunchTests.swift */ = {isa = PBXFileReference; lastKnownFileType = sourcecode.swift; path = jsonParsingExampleUITestsLaunchTests.swift; sourceTree = "<group>"; };
		AB37414D27C77E0E00A60681 /* sourceModel.swift */ = {isa = PBXFileReference; lastKnownFileType = sourcecode.swift; path = sourceModel.swift; sourceTree = "<group>"; };
		AB37414F27C77FA400A60681 /* article.swift */ = {isa = PBXFileReference; lastKnownFileType = sourcecode.swift; path = article.swift; sourceTree = "<group>"; };
		AB37415127C780BA00A60681 /* NewsFeed.swift */ = {isa = PBXFileReference; lastKnownFileType = sourcecode.swift; path = NewsFeed.swift; sourceTree = "<group>"; };
		AB37415627C812D400A60681 /* ServiceAPI.swift */ = {isa = PBXFileReference; fileEncoding = 4; lastKnownFileType = sourcecode.swift; path = ServiceAPI.swift; sourceTree = "<group>"; };
/* End PBXFileReference section */

/* Begin PBXFrameworksBuildPhase section */
		AB37411627C77CAE00A60681 /* Frameworks */ = {
			isa = PBXFrameworksBuildPhase;
			buildActionMask = 2147483647;
			files = (
				AB37415527C7865300A60681 /* Alamofire in Frameworks */,
			);
			runOnlyForDeploymentPostprocessing = 0;
		};
		AB37412C27C77CB000A60681 /* Frameworks */ = {
			isa = PBXFrameworksBuildPhase;
			buildActionMask = 2147483647;
			files = (
			);
			runOnlyForDeploymentPostprocessing = 0;
		};
		AB37413627C77CB000A60681 /* Frameworks */ = {
			isa = PBXFrameworksBuildPhase;
			buildActionMask = 2147483647;
			files = (
			);
			runOnlyForDeploymentPostprocessing = 0;
		};
/* End PBXFrameworksBuildPhase section */

/* Begin PBXGroup section */
		AB37411027C77CAE00A60681 = {
			isa = PBXGroup;
			children = (
				AB37411B27C77CAE00A60681 /* jsonParsingExample */,
				AB37413227C77CB000A60681 /* jsonParsingExampleTests */,
				AB37413C27C77CB000A60681 /* jsonParsingExampleUITests */,
				AB37411A27C77CAE00A60681 /* Products */,
			);
			sourceTree = "<group>";
		};
		AB37411A27C77CAE00A60681 /* Products */ = {
			isa = PBXGroup;
			children = (
				AB37411927C77CAE00A60681 /* jsonParsingExample.app */,
				AB37412F27C77CB000A60681 /* jsonParsingExampleTests.xctest */,
				AB37413927C77CB000A60681 /* jsonParsingExampleUITests.xctest */,
			);
			name = Products;
			sourceTree = "<group>";
		};
		AB37411B27C77CAE00A60681 /* jsonParsingExample */ = {
			isa = PBXGroup;
			children = (
				AB37414C27C77DF000A60681 /* model */,
				AB37411C27C77CAE00A60681 /* AppDelegate.swift */,
				AB37411E27C77CAE00A60681 /* SceneDelegate.swift */,
				AB37412027C77CAE00A60681 /* ViewController.swift */,
				AB37415627C812D400A60681 /* ServiceAPI.swift */,
				AB37412227C77CAE00A60681 /* Main.storyboard */,
				AB37412527C77CB000A60681 /* Assets.xcassets */,
				AB37412727C77CB000A60681 /* LaunchScreen.storyboard */,
				AB37412A27C77CB000A60681 /* Info.plist */,
			);
			path = jsonParsingExample;
			sourceTree = "<group>";
		};
		AB37413227C77CB000A60681 /* jsonParsingExampleTests */ = {
			isa = PBXGroup;
			children = (
				AB37413327C77CB000A60681 /* jsonParsingExampleTests.swift */,
			);
			path = jsonParsingExampleTests;
			sourceTree = "<group>";
		};
		AB37413C27C77CB000A60681 /* jsonParsingExampleUITests */ = {
			isa = PBXGroup;
			children = (
				AB37413D27C77CB000A60681 /* jsonParsingExampleUITests.swift */,
				AB37413F27C77CB000A60681 /* jsonParsingExampleUITestsLaunchTests.swift */,
			);
			path = jsonParsingExampleUITests;
			sourceTree = "<group>";
		};
		AB37414C27C77DF000A60681 /* model */ = {
			isa = PBXGroup;
			children = (
				AB37414D27C77E0E00A60681 /* sourceModel.swift */,
				AB37414F27C77FA400A60681 /* article.swift */,
				AB37415127C780BA00A60681 /* NewsFeed.swift */,
			);
			path = model;
			sourceTree = "<group>";
		};
/* End PBXGroup section */

/* Begin PBXNativeTarget section */
		AB37411827C77CAE00A60681 /* jsonParsingExample */ = {
			isa = PBXNativeTarget;
			buildConfigurationList = AB37414327C77CB000A60681 /* Build configuration list for PBXNativeTarget "jsonParsingExample" */;
			buildPhases = (
				AB37411527C77CAE00A60681 /* Sources */,
				AB37411627C77CAE00A60681 /* Frameworks */,
				AB37411727C77CAE00A60681 /* Resources */,
			);
			buildRules = (
			);
			dependencies = (
			);
			name = jsonParsingExample;
			packageProductDependencies = (
				AB37415427C7865300A60681 /* Alamofire */,
			);
			productName = jsonParsingExample;
			productReference = AB37411927C77CAE00A60681 /* jsonParsingExample.app */;
			productType = "com.apple.product-type.application";
		};
		AB37412E27C77CB000A60681 /* jsonParsingExampleTests */ = {
			isa = PBXNativeTarget;
			buildConfigurationList = AB37414627C77CB000A60681 /* Build configuration list for PBXNativeTarget "jsonParsingExampleTests" */;
			buildPhases = (
				AB37412B27C77CB000A60681 /* Sources */,
				AB37412C27C77CB000A60681 /* Frameworks */,
				AB37412D27C77CB000A60681 /* Resources */,
			);
			buildRules = (
			);
			dependencies = (
				AB37413127C77CB000A60681 /* PBXTargetDependency */,
			);
			name = jsonParsingExampleTests;
			productName = jsonParsingExampleTests;
			productReference = AB37412F27C77CB000A60681 /* jsonParsingExampleTests.xctest */;
			productType = "com.apple.product-type.bundle.unit-test";
		};
		AB37413827C77CB000A60681 /* jsonParsingExampleUITests */ = {
			isa = PBXNativeTarget;
			buildConfigurationList = AB37414927C77CB000A60681 /* Build configuration list for PBXNativeTarget "jsonParsingExampleUITests" */;
			buildPhases = (
				AB37413527C77CB000A60681 /* Sources */,
				AB37413627C77CB000A60681 /* Frameworks */,
				AB37413727C77CB000A60681 /* Resources */,
			);
			buildRules = (
			);
			dependencies = (
				AB37413B27C77CB000A60681 /* PBXTargetDependency */,
			);
			name = jsonParsingExampleUITests;
			productName = jsonParsingExampleUITests;
			productReference = AB37413927C77CB000A60681 /* jsonParsingExampleUITests.xctest */;
			productType = "com.apple.product-type.bundle.ui-testing";
		};
/* End PBXNativeTarget section */

/* Begin PBXProject section */
		AB37411127C77CAE00A60681 /* Project object */ = {
			isa = PBXProject;
			attributes = {
				BuildIndependentTargetsInParallel = 1;
				LastSwiftUpdateCheck = 1310;
				LastUpgradeCheck = 1310;
				TargetAttributes = {
					AB37411827C77CAE00A60681 = {
						CreatedOnToolsVersion = 13.1;
					};
					AB37412E27C77CB000A60681 = {
						CreatedOnToolsVersion = 13.1;
						TestTargetID = AB37411827C77CAE00A60681;
					};
					AB37413827C77CB000A60681 = {
						CreatedOnToolsVersion = 13.1;
						TestTargetID = AB37411827C77CAE00A60681;
					};
				};
			};
			buildConfigurationList = AB37411427C77CAE00A60681 /* Build configuration list for PBXProject "jsonParsingExample" */;
			compatibilityVersion = "Xcode 13.0";
			developmentRegion = en;
			hasScannedForEncodings = 0;
			knownRegions = (
				en,
				Base,
			);
			mainGroup = AB37411027C77CAE00A60681;
			packageReferences = (
				AB37415327C7865300A60681 /* XCRemoteSwiftPackageReference "Alamofire" */,
			);
			productRefGroup = AB37411A27C77CAE00A60681 /* Products */;
			projectDirPath = "";
			projectRoot = "";
			targets = (
				AB37411827C77CAE00A60681 /* jsonParsingExample */,
				AB37412E27C77CB000A60681 /* jsonParsingExampleTests */,
				AB37413827C77CB000A60681 /* jsonParsingExampleUITests */,
			);
		};
/* End PBXProject section */

/* Begin PBXResourcesBuildPhase section */
		AB37411727C77CAE00A60681 /* Resources */ = {
			isa = PBXResourcesBuildPhase;
			buildActionMask = 2147483647;
			files = (
				AB37412927C77CB000A60681 /* LaunchScreen.storyboard in Resources */,
				AB37412627C77CB000A60681 /* Assets.xcassets in Resources */,
				AB37412427C77CAE00A60681 /* Main.storyboard in Resources */,
			);
			runOnlyForDeploymentPostprocessing = 0;
		};
		AB37412D27C77CB000A60681 /* Resources */ = {
			isa = PBXResourcesBuildPhase;
			buildActionMask = 2147483647;
			files = (
			);
			runOnlyForDeploymentPostprocessing = 0;
		};
		AB37413727C77CB000A60681 /* Resources */ = {
			isa = PBXResourcesBuildPhase;
			buildActionMask = 2147483647;
			files = (
			);
			runOnlyForDeploymentPostprocessing = 0;
		};
/* End PBXResourcesBuildPhase section */

/* Begin PBXSourcesBuildPhase section */
		AB37411527C77CAE00A60681 /* Sources */ = {
			isa = PBXSourcesBuildPhase;
			buildActionMask = 2147483647;
			files = (
				AB37415727C812D400A60681 /* ServiceAPI.swift in Sources */,
				AB37415227C780BA00A60681 /* NewsFeed.swift in Sources */,
				AB37414E27C77E0E00A60681 /* sourceModel.swift in Sources */,
				AB37415027C77FA400A60681 /* article.swift in Sources */,
				AB37412127C77CAE00A60681 /* ViewController.swift in Sources */,
				AB37411D27C77CAE00A60681 /* AppDelegate.swift in Sources */,
				AB37411F27C77CAE00A60681 /* SceneDelegate.swift in Sources */,
			);
			runOnlyForDeploymentPostprocessing = 0;
		};
		AB37412B27C77CB000A60681 /* Sources */ = {
			isa = PBXSourcesBuildPhase;
			buildActionMask = 2147483647;
			files = (
				AB37413427C77CB000A60681 /* jsonParsingExampleTests.swift in Sources */,
			);
			runOnlyForDeploymentPostprocessing = 0;
		};
		AB37413527C77CB000A60681 /* Sources */ = {
			isa = PBXSourcesBuildPhase;
			buildActionMask = 2147483647;
			files = (
				AB37414027C77CB000A60681 /* jsonParsingExampleUITestsLaunchTests.swift in Sources */,
				AB37413E27C77CB000A60681 /* jsonParsingExampleUITests.swift in Sources */,
			);
			runOnlyForDeploymentPostprocessing = 0;
		};
/* End PBXSourcesBuildPhase section */

/* Begin PBXTargetDependency section */
		AB37413127C77CB000A60681 /* PBXTargetDependency */ = {
			isa = PBXTargetDependency;
			target = AB37411827C77CAE00A60681 /* jsonParsingExample */;
			targetProxy = AB37413027C77CB000A60681 /* PBXContainerItemProxy */;
		};
		AB37413B27C77CB000A60681 /* PBXTargetDependency */ = {
			isa = PBXTargetDependency;
			target = AB37411827C77CAE00A60681 /* jsonParsingExample */;
			targetProxy = AB37413A27C77CB000A60681 /* PBXContainerItemProxy */;
		};
/* End PBXTargetDependency section */

/* Begin PBXVariantGroup section */
		AB37412227C77CAE00A60681 /* Main.storyboard */ = {
			isa = PBXVariantGroup;
			children = (
				AB37412327C77CAE00A60681 /* Base */,
			);
			name = Main.storyboard;
			sourceTree = "<group>";
		};
		AB37412727C77CB000A60681 /* LaunchScreen.storyboard */ = {
			isa = PBXVariantGroup;
			children = (
				AB37412827C77CB000A60681 /* Base */,
			);
			name = LaunchScreen.storyboard;
			sourceTree = "<group>";
		};
/* End PBXVariantGroup section */

/* Begin XCBuildConfiguration section */
		AB37414127C77CB000A60681 /* Debug */ = {
			isa = XCBuildConfiguration;
			buildSettings = {
				ALWAYS_SEARCH_USER_PATHS = NO;
				CLANG_ANALYZER_NONNULL = YES;
				CLANG_ANALYZER_NUMBER_OBJECT_CONVERSION = YES_AGGRESSIVE;
				CLANG_CXX_LANGUAGE_STANDARD = "gnu++17";
				CLANG_CXX_LIBRARY = "libc++";
				CLANG_ENABLE_MODULES = YES;
				CLANG_ENABLE_OBJC_ARC = YES;
				CLANG_ENABLE_OBJC_WEAK = YES;
				CLANG_WARN_BLOCK_CAPTURE_AUTORELEASING = YES;
				CLANG_WARN_BOOL_CONVERSION = YES;
				CLANG_WARN_COMMA = YES;
				CLANG_WARN_CONSTANT_CONVERSION = YES;
				CLANG_WARN_DEPRECATED_OBJC_IMPLEMENTATIONS = YES;
				CLANG_WARN_DIRECT_OBJC_ISA_USAGE = YES_ERROR;
				CLANG_WARN_DOCUMENTATION_COMMENTS = YES;
				CLANG_WARN_EMPTY_BODY = YES;
				CLANG_WARN_ENUM_CONVERSION = YES;
				CLANG_WARN_INFINITE_RECURSION = YES;
				CLANG_WARN_INT_CONVERSION = YES;
				CLANG_WARN_NON_LITERAL_NULL_CONVERSION = YES;
				CLANG_WARN_OBJC_IMPLICIT_RETAIN_SELF = YES;
				CLANG_WARN_OBJC_LITERAL_CONVERSION = YES;
				CLANG_WARN_OBJC_ROOT_CLASS = YES_ERROR;
				CLANG_WARN_QUOTED_INCLUDE_IN_FRAMEWORK_HEADER = YES;
				CLANG_WARN_RANGE_LOOP_ANALYSIS = YES;
				CLANG_WARN_STRICT_PROTOTYPES = YES;
				CLANG_WARN_SUSPICIOUS_MOVE = YES;
				CLANG_WARN_UNGUARDED_AVAILABILITY = YES_AGGRESSIVE;
				CLANG_WARN_UNREACHABLE_CODE = YES;
				CLANG_WARN__DUPLICATE_METHOD_MATCH = YES;
				COPY_PHASE_STRIP = NO;
				DEBUG_INFORMATION_FORMAT = dwarf;
				ENABLE_STRICT_OBJC_MSGSEND = YES;
				ENABLE_TESTABILITY = YES;
				GCC_C_LANGUAGE_STANDARD = gnu11;
				GCC_DYNAMIC_NO_PIC = NO;
				GCC_NO_COMMON_BLOCKS = YES;
				GCC_OPTIMIZATION_LEVEL = 0;
				GCC_PREPROCESSOR_DEFINITIONS = (
					"DEBUG=1",
					"$(inherited)",
				);
				GCC_WARN_64_TO_32_BIT_CONVERSION = YES;
				GCC_WARN_ABOUT_RETURN_TYPE = YES_ERROR;
				GCC_WARN_UNDECLARED_SELECTOR = YES;
				GCC_WARN_UNINITIALIZED_AUTOS = YES_AGGRESSIVE;
				GCC_WARN_UNUSED_FUNCTION = YES;
				GCC_WARN_UNUSED_VARIABLE = YES;
				IPHONEOS_DEPLOYMENT_TARGET = 15.0;
				MTL_ENABLE_DEBUG_INFO = INCLUDE_SOURCE;
				MTL_FAST_MATH = YES;
				ONLY_ACTIVE_ARCH = YES;
				SDKROOT = iphoneos;
				SWIFT_ACTIVE_COMPILATION_CONDITIONS = DEBUG;
				SWIFT_OPTIMIZATION_LEVEL = "-Onone";
			};
			name = Debug;
		};
		AB37414227C77CB000A60681 /* Release */ = {
			isa = XCBuildConfiguration;
			buildSettings = {
				ALWAYS_SEARCH_USER_PATHS = NO;
				CLANG_ANALYZER_NONNULL = YES;
				CLANG_ANALYZER_NUMBER_OBJECT_CONVERSION = YES_AGGRESSIVE;
				CLANG_CXX_LANGUAGE_STANDARD = "gnu++17";
				CLANG_CXX_LIBRARY = "libc++";
				CLANG_ENABLE_MODULES = YES;
				CLANG_ENABLE_OBJC_ARC = YES;
				CLANG_ENABLE_OBJC_WEAK = YES;
				CLANG_WARN_BLOCK_CAPTURE_AUTORELEASING = YES;
				CLANG_WARN_BOOL_CONVERSION = YES;
				CLANG_WARN_COMMA = YES;
				CLANG_WARN_CONSTANT_CONVERSION = YES;
				CLANG_WARN_DEPRECATED_OBJC_IMPLEMENTATIONS = YES;
				CLANG_WARN_DIRECT_OBJC_ISA_USAGE = YES_ERROR;
				CLANG_WARN_DOCUMENTATION_COMMENTS = YES;
				CLANG_WARN_EMPTY_BODY = YES;
				CLANG_WARN_ENUM_CONVERSION = YES;
				CLANG_WARN_INFINITE_RECURSION = YES;
				CLANG_WARN_INT_CONVERSION = YES;
				CLANG_WARN_NON_LITERAL_NULL_CONVERSION = YES;
				CLANG_WARN_OBJC_IMPLICIT_RETAIN_SELF = YES;
				CLANG_WARN_OBJC_LITERAL_CONVERSION = YES;
				CLANG_WARN_OBJC_ROOT_CLASS = YES_ERROR;
				CLANG_WARN_QUOTED_INCLUDE_IN_FRAMEWORK_HEADER = YES;
				CLANG_WARN_RANGE_LOOP_ANALYSIS = YES;
				CLANG_WARN_STRICT_PROTOTYPES = YES;
				CLANG_WARN_SUSPICIOUS_MOVE = YES;
				CLANG_WARN_UNGUARDED_AVAILABILITY = YES_AGGRESSIVE;
				CLANG_WARN_UNREACHABLE_CODE = YES;
				CLANG_WARN__DUPLICATE_METHOD_MATCH = YES;
				COPY_PHASE_STRIP = NO;
				DEBUG_INFORMATION_FORMAT = "dwarf-with-dsym";
				ENABLE_NS_ASSERTIONS = NO;
				ENABLE_STRICT_OBJC_MSGSEND = YES;
				GCC_C_LANGUAGE_STANDARD = gnu11;
				GCC_NO_COMMON_BLOCKS = YES;
				GCC_WARN_64_TO_32_BIT_CONVERSION = YES;
				GCC_WARN_ABOUT_RETURN_TYPE = YES_ERROR;
				GCC_WARN_UNDECLARED_SELECTOR = YES;
				GCC_WARN_UNINITIALIZED_AUTOS = YES_AGGRESSIVE;
				GCC_WARN_UNUSED_FUNCTION = YES;
				GCC_WARN_UNUSED_VARIABLE = YES;
				IPHONEOS_DEPLOYMENT_TARGET = 15.0;
				MTL_ENABLE_DEBUG_INFO = NO;
				MTL_FAST_MATH = YES;
				SDKROOT = iphoneos;
				SWIFT_COMPILATION_MODE = wholemodule;
				SWIFT_OPTIMIZATION_LEVEL = "-O";
				VALIDATE_PRODUCT = YES;
			};
			name = Release;
		};
		AB37414427C77CB000A60681 /* Debug */ = {
			isa = XCBuildConfiguration;
			buildSettings = {
				ASSETCATALOG_COMPILER_APPICON_NAME = AppIcon;
				ASSETCATALOG_COMPILER_GLOBAL_ACCENT_COLOR_NAME = AccentColor;
				CODE_SIGN_STYLE = Automatic;
				CURRENT_PROJECT_VERSION = 1;
				DEVELOPMENT_TEAM = P2A5X9EC45;
				GENERATE_INFOPLIST_FILE = YES;
				INFOPLIST_FILE = jsonParsingExample/Info.plist;
				INFOPLIST_KEY_UIApplicationSupportsIndirectInputEvents = YES;
				INFOPLIST_KEY_UILaunchStoryboardName = LaunchScreen;
				INFOPLIST_KEY_UIMainStoryboardFile = Main;
				INFOPLIST_KEY_UISupportedInterfaceOrientations_iPad = "UIInterfaceOrientationPortrait UIInterfaceOrientationPortraitUpsideDown UIInterfaceOrientationLandscapeLeft UIInterfaceOrientationLandscapeRight";
				INFOPLIST_KEY_UISupportedInterfaceOrientations_iPhone = "UIInterfaceOrientationPortrait UIInterfaceOrientationLandscapeLeft UIInterfaceOrientationLandscapeRight";
				LD_RUNPATH_SEARCH_PATHS = (
					"$(inherited)",
					"@executable_path/Frameworks",
				);
				MARKETING_VERSION = 1.0;
				PRODUCT_BUNDLE_IDENTIFIER = com.erhan.InsagramClone.jsonParsingExample;
				PRODUCT_NAME = "$(TARGET_NAME)";
				SWIFT_EMIT_LOC_STRINGS = YES;
				SWIFT_VERSION = 5.0;
				TARGETED_DEVICE_FAMILY = "1,2";
			};
			name = Debug;
		};
		AB37414527C77CB000A60681 /* Release */ = {
			isa = XCBuildConfiguration;
			buildSettings = {
				ASSETCATALOG_COMPILER_APPICON_NAME = AppIcon;
				ASSETCATALOG_COMPILER_GLOBAL_ACCENT_COLOR_NAME = AccentColor;
				CODE_SIGN_STYLE = Automatic;
				CURRENT_PROJECT_VERSION = 1;
				DEVELOPMENT_TEAM = P2A5X9EC45;
				GENERATE_INFOPLIST_FILE = YES;
				INFOPLIST_FILE = jsonParsingExample/Info.plist;
				INFOPLIST_KEY_UIApplicationSupportsIndirectInputEvents = YES;
				INFOPLIST_KEY_UILaunchStoryboardName = LaunchScreen;
				INFOPLIST_KEY_UIMainStoryboardFile = Main;
				INFOPLIST_KEY_UISupportedInterfaceOrientations_iPad = "UIInterfaceOrientationPortrait UIInterfaceOrientationPortraitUpsideDown UIInterfaceOrientationLandscapeLeft UIInterfaceOrientationLandscapeRight";
				INFOPLIST_KEY_UISupportedInterfaceOrientations_iPhone = "UIInterfaceOrientationPortrait UIInterfaceOrientationLandscapeLeft UIInterfaceOrientationLandscapeRight";
				LD_RUNPATH_SEARCH_PATHS = (
					"$(inherited)",
					"@executable_path/Frameworks",
				);
				MARKETING_VERSION = 1.0;
				PRODUCT_BUNDLE_IDENTIFIER = com.erhan.InsagramClone.jsonParsingExample;
				PRODUCT_NAME = "$(TARGET_NAME)";
				SWIFT_EMIT_LOC_STRINGS = YES;
				SWIFT_VERSION = 5.0;
				TARGETED_DEVICE_FAMILY = "1,2";
			};
			name = Release;
		};
		AB37414727C77CB000A60681 /* Debug */ = {
			isa = XCBuildConfiguration;
			buildSettings = {
				ALWAYS_EMBED_SWIFT_STANDARD_LIBRARIES = YES;
				BUNDLE_LOADER = "$(TEST_HOST)";
				CODE_SIGN_STYLE = Automatic;
				CURRENT_PROJECT_VERSION = 1;
				DEVELOPMENT_TEAM = P2A5X9EC45;
				GENERATE_INFOPLIST_FILE = YES;
				IPHONEOS_DEPLOYMENT_TARGET = 15.0;
				LD_RUNPATH_SEARCH_PATHS = (
					"$(inherited)",
					"@executable_path/Frameworks",
					"@loader_path/Frameworks",
				);
				MARKETING_VERSION = 1.0;
				PRODUCT_BUNDLE_IDENTIFIER = com.erhan.InsagramClone.jsonParsingExampleTests;
				PRODUCT_NAME = "$(TARGET_NAME)";
				SWIFT_EMIT_LOC_STRINGS = NO;
				SWIFT_VERSION = 5.0;
				TARGETED_DEVICE_FAMILY = "1,2";
				TEST_HOST = "$(BUILT_PRODUCTS_DIR)/jsonParsingExample.app/jsonParsingExample";
			};
			name = Debug;
		};
		AB37414827C77CB000A60681 /* Release */ = {
			isa = XCBuildConfiguration;
			buildSettings = {
				ALWAYS_EMBED_SWIFT_STANDARD_LIBRARIES = YES;
				BUNDLE_LOADER = "$(TEST_HOST)";
				CODE_SIGN_STYLE = Automatic;
				CURRENT_PROJECT_VERSION = 1;
				DEVELOPMENT_TEAM = P2A5X9EC45;
				GENERATE_INFOPLIST_FILE = YES;
				IPHONEOS_DEPLOYMENT_TARGET = 15.0;
				LD_RUNPATH_SEARCH_PATHS = (
					"$(inherited)",
					"@executable_path/Frameworks",
					"@loader_path/Frameworks",
				);
				MARKETING_VERSION = 1.0;
				PRODUCT_BUNDLE_IDENTIFIER = com.erhan.InsagramClone.jsonParsingExampleTests;
				PRODUCT_NAME = "$(TARGET_NAME)";
				SWIFT_EMIT_LOC_STRINGS = NO;
				SWIFT_VERSION = 5.0;
				TARGETED_DEVICE_FAMILY = "1,2";
				TEST_HOST = "$(BUILT_PRODUCTS_DIR)/jsonParsingExample.app/jsonParsingExample";
			};
			name = Release;
		};
		AB37414A27C77CB000A60681 /* Debug */ = {
			isa = XCBuildConfiguration;
			buildSettings = {
				ALWAYS_EMBED_SWIFT_STANDARD_LIBRARIES = YES;
				CODE_SIGN_STYLE = Automatic;
				CURRENT_PROJECT_VERSION = 1;
				DEVELOPMENT_TEAM = P2A5X9EC45;
				GENERATE_INFOPLIST_FILE = YES;
				LD_RUNPATH_SEARCH_PATHS = (
					"$(inherited)",
					"@executable_path/Frameworks",
					"@loader_path/Frameworks",
				);
				MARKETING_VERSION = 1.0;
				PRODUCT_BUNDLE_IDENTIFIER = com.erhan.InsagramClone.jsonParsingExampleUITests;
				PRODUCT_NAME = "$(TARGET_NAME)";
				SWIFT_EMIT_LOC_STRINGS = NO;
				SWIFT_VERSION = 5.0;
				TARGETED_DEVICE_FAMILY = "1,2";
				TEST_TARGET_NAME = jsonParsingExample;
			};
			name = Debug;
		};
		AB37414B27C77CB000A60681 /* Release */ = {
			isa = XCBuildConfiguration;
			buildSettings = {
				ALWAYS_EMBED_SWIFT_STANDARD_LIBRARIES = YES;
				CODE_SIGN_STYLE = Automatic;
				CURRENT_PROJECT_VERSION = 1;
				DEVELOPMENT_TEAM = P2A5X9EC45;
				GENERATE_INFOPLIST_FILE = YES;
				LD_RUNPATH_SEARCH_PATHS = (
					"$(inherited)",
					"@executable_path/Frameworks",
					"@loader_path/Frameworks",
				);
				MARKETING_VERSION = 1.0;
				PRODUCT_BUNDLE_IDENTIFIER = com.erhan.InsagramClone.jsonParsingExampleUITests;
				PRODUCT_NAME = "$(TARGET_NAME)";
				SWIFT_EMIT_LOC_STRINGS = NO;
				SWIFT_VERSION = 5.0;
				TARGETED_DEVICE_FAMILY = "1,2";
				TEST_TARGET_NAME = jsonParsingExample;
			};
			name = Release;
		};
/* End XCBuildConfiguration section */

/* Begin XCConfigurationList section */
		AB37411427C77CAE00A60681 /* Build configuration list for PBXProject "jsonParsingExample" */ = {
			isa = XCConfigurationList;
			buildConfigurations = (
				AB37414127C77CB000A60681 /* Debug */,
				AB37414227C77CB000A60681 /* Release */,
			);
			defaultConfigurationIsVisible = 0;
			defaultConfigurationName = Release;
		};
		AB37414327C77CB000A60681 /* Build configuration list for PBXNativeTarget "jsonParsingExample" */ = {
			isa = XCConfigurationList;
			buildConfigurations = (
				AB37414427C77CB000A60681 /* Debug */,
				AB37414527C77CB000A60681 /* Release */,
			);
			defaultConfigurationIsVisible = 0;
			defaultConfigurationName = Release;
		};
		AB37414627C77CB000A60681 /* Build configuration list for PBXNativeTarget "jsonParsingExampleTests" */ = {
			isa = XCConfigurationList;
			buildConfigurations = (
				AB37414727C77CB000A60681 /* Debug */,
				AB37414827C77CB000A60681 /* Release */,
			);
			defaultConfigurationIsVisible = 0;
			defaultConfigurationName = Release;
		};
		AB37414927C77CB000A60681 /* Build configuration list for PBXNativeTarget "jsonParsingExampleUITests" */ = {
			isa = XCConfigurationList;
			buildConfigurations = (
				AB37414A27C77CB000A60681 /* Debug */,
				AB37414B27C77CB000A60681 /* Release */,
			);
			defaultConfigurationIsVisible = 0;
			defaultConfigurationName = Release;
		};
/* End XCConfigurationList section */

/* Begin XCRemoteSwiftPackageReference section */
		AB37415327C7865300A60681 /* XCRemoteSwiftPackageReference "Alamofire" */ = {
			isa = XCRemoteSwiftPackageReference;
			repositoryURL = "https://github.com/Alamofire/Alamofire.git";
			requirement = {
				kind = upToNextMajorVersion;
				minimumVersion = 5.0.0;
			};
		};
/* End XCRemoteSwiftPackageReference section */

/* Begin XCSwiftPackageProductDependency section */
		AB37415427C7865300A60681 /* Alamofire */ = {
			isa = XCSwiftPackageProductDependency;
			package = AB37415327C7865300A60681 /* XCRemoteSwiftPackageReference "Alamofire" */;
			productName = Alamofire;
		};
/* End XCSwiftPackageProductDependency section */
	};
	rootObject = AB37411127C77CAE00A60681 /* Project object */;
}
